
Microsoft Visual Studio Solution File, Format Version 12.00
# Visual Studio Version 17
VisualStudioVersion = 17.5.002.0
MinimumVisualStudioVersion = 10.0.40219.1
Project("{9A19103F-16F7-4668-BE54-9A1E7A4F7556}") = "4_Challenge", "4_Challenge.csproj", "{741464F2-F1E1-49AA-8847-93EF5A8DA2D9}"
EndProject
Global
	GlobalSection(SolutionConfigurationPlatforms) = preSolution
		Debug|Any CPU = Debug|Any CPU
		Release|Any CPU = Release|Any CPU
	EndGlobalSection
	GlobalSection(ProjectConfigurationPlatforms) = postSolution
		{741464F2-F1E1-49AA-8847-93EF5A8DA2D9}.Debug|Any CPU.ActiveCfg = Debug|Any CPU
		{741464F2-F1E1-49AA-8847-93EF5A8DA2D9}.Debug|Any CPU.Build.0 = Debug|Any CPU
		{741464F2-F1E1-49AA-8847-93EF5A8DA2D9}.Release|Any CPU.ActiveCfg = Release|Any CPU
		{741464F2-F1E1-49AA-8847-93EF5A8DA2D9}.Release|Any CPU.Build.0 = Release|Any CPU
	EndGlobalSection
	GlobalSection(SolutionProperties) = preSolution
		HideSolutionNode = FALSE
	EndGlobalSection
	GlobalSection(ExtensibilityGlobals) = postSolution
		SolutionGuid = {6149CB61-D643-4646-90CC-40574F6FEA59}
	EndGlobalSection
EndGlobal
