
Microsoft Visual Studio Solution File, Format Version 12.00
# Visual Studio Version 17
VisualStudioVersion = 17.5.002.0
MinimumVisualStudioVersion = 10.0.40219.1
Project("{9A19103F-16F7-4668-BE54-9A1E7A4F7556}") = "IfElse_4_Challenge", "IfElse_4_Challenge.csproj", "{DE4D6C26-4F1D-4723-AD9A-9D1FF1D39B42}"
EndProject
Global
	GlobalSection(SolutionConfigurationPlatforms) = preSolution
		Debug|Any CPU = Debug|Any CPU
		Release|Any CPU = Release|Any CPU
	EndGlobalSection
	GlobalSection(ProjectConfigurationPlatforms) = postSolution
		{DE4D6C26-4F1D-4723-AD9A-9D1FF1D39B42}.Debug|Any CPU.ActiveCfg = Debug|Any CPU
		{DE4D6C26-4F1D-4723-AD9A-9D1FF1D39B42}.Debug|Any CPU.Build.0 = Debug|Any CPU
		{DE4D6C26-4F1D-4723-AD9A-9D1FF1D39B42}.Release|Any CPU.ActiveCfg = Release|Any CPU
		{DE4D6C26-4F1D-4723-AD9A-9D1FF1D39B42}.Release|Any CPU.Build.0 = Release|Any CPU
	EndGlobalSection
	GlobalSection(SolutionProperties) = preSolution
		HideSolutionNode = FALSE
	EndGlobalSection
	GlobalSection(ExtensibilityGlobals) = postSolution
		SolutionGuid = {E8B64ACE-1D47-4644-80C6-3098E5026359}
	EndGlobalSection
EndGlobal
