
Microsoft Visual Studio Solution File, Format Version 12.00
# Visual Studio Version 17
VisualStudioVersion = 17.5.002.0
MinimumVisualStudioVersion = 10.0.40219.1
Project("{9A19103F-16F7-4668-BE54-9A1E7A4F7556}") = "9_Challenge", "9_Challenge.csproj", "{FEC92240-9563-4E48-B6F8-AC9A3CFF73A9}"
EndProject
Global
	GlobalSection(SolutionConfigurationPlatforms) = preSolution
		Debug|Any CPU = Debug|Any CPU
		Release|Any CPU = Release|Any CPU
	EndGlobalSection
	GlobalSection(ProjectConfigurationPlatforms) = postSolution
		{FEC92240-9563-4E48-B6F8-AC9A3CFF73A9}.Debug|Any CPU.ActiveCfg = Debug|Any CPU
		{FEC92240-9563-4E48-B6F8-AC9A3CFF73A9}.Debug|Any CPU.Build.0 = Debug|Any CPU
		{FEC92240-9563-4E48-B6F8-AC9A3CFF73A9}.Release|Any CPU.ActiveCfg = Release|Any CPU
		{FEC92240-9563-4E48-B6F8-AC9A3CFF73A9}.Release|Any CPU.Build.0 = Release|Any CPU
	EndGlobalSection
	GlobalSection(SolutionProperties) = preSolution
		HideSolutionNode = FALSE
	EndGlobalSection
	GlobalSection(ExtensibilityGlobals) = postSolution
		SolutionGuid = {EF5E49DD-9629-46ED-BC3F-CFC673A7643A}
	EndGlobalSection
EndGlobal
