
Microsoft Visual Studio Solution File, Format Version 12.00
# Visual Studio Version 17
VisualStudioVersion = 17.5.002.0
MinimumVisualStudioVersion = 10.0.40219.1
Project("{9A19103F-16F7-4668-BE54-9A1E7A4F7556}") = "5_Challenge_Project2", "5_Challenge_Project2.csproj", "{907CBBAA-90CF-49FB-ACB3-75A3B580BBAD}"
EndProject
Global
	GlobalSection(SolutionConfigurationPlatforms) = preSolution
		Debug|Any CPU = Debug|Any CPU
		Release|Any CPU = Release|Any CPU
	EndGlobalSection
	GlobalSection(ProjectConfigurationPlatforms) = postSolution
		{907CBBAA-90CF-49FB-ACB3-75A3B580BBAD}.Debug|Any CPU.ActiveCfg = Debug|Any CPU
		{907CBBAA-90CF-49FB-ACB3-75A3B580BBAD}.Debug|Any CPU.Build.0 = Debug|Any CPU
		{907CBBAA-90CF-49FB-ACB3-75A3B580BBAD}.Release|Any CPU.ActiveCfg = Release|Any CPU
		{907CBBAA-90CF-49FB-ACB3-75A3B580BBAD}.Release|Any CPU.Build.0 = Release|Any CPU
	EndGlobalSection
	GlobalSection(SolutionProperties) = preSolution
		HideSolutionNode = FALSE
	EndGlobalSection
	GlobalSection(ExtensibilityGlobals) = postSolution
		SolutionGuid = {F4EF8C95-626A-4470-A418-F2FBFE56C5A6}
	EndGlobalSection
EndGlobal
