
Microsoft Visual Studio Solution File, Format Version 12.00
# Visual Studio Version 17
VisualStudioVersion = 17.5.002.0
MinimumVisualStudioVersion = 10.0.40219.1
Project("{9A19103F-16F7-4668-BE54-9A1E7A4F7556}") = "4_Challenge", "4_Challenge.csproj", "{207B6F34-9D6C-40B8-8E40-AFB8C6239446}"
EndProject
Global
	GlobalSection(SolutionConfigurationPlatforms) = preSolution
		Debug|Any CPU = Debug|Any CPU
		Release|Any CPU = Release|Any CPU
	EndGlobalSection
	GlobalSection(ProjectConfigurationPlatforms) = postSolution
		{207B6F34-9D6C-40B8-8E40-AFB8C6239446}.Debug|Any CPU.ActiveCfg = Debug|Any CPU
		{207B6F34-9D6C-40B8-8E40-AFB8C6239446}.Debug|Any CPU.Build.0 = Debug|Any CPU
		{207B6F34-9D6C-40B8-8E40-AFB8C6239446}.Release|Any CPU.ActiveCfg = Release|Any CPU
		{207B6F34-9D6C-40B8-8E40-AFB8C6239446}.Release|Any CPU.Build.0 = Release|Any CPU
	EndGlobalSection
	GlobalSection(SolutionProperties) = preSolution
		HideSolutionNode = FALSE
	EndGlobalSection
	GlobalSection(ExtensibilityGlobals) = postSolution
		SolutionGuid = {ADA1A977-6D98-4256-AD39-856D3AF08208}
	EndGlobalSection
EndGlobal
