
Microsoft Visual Studio Solution File, Format Version 12.00
# Visual Studio Version 17
VisualStudioVersion = 17.5.002.0
MinimumVisualStudioVersion = 10.0.40219.1
Project("{9A19103F-16F7-4668-BE54-9A1E7A4F7556}") = "3_Exercise", "3_Exercise.csproj", "{1B00A127-EED6-4036-A4C7-E2E915F55BD3}"
EndProject
Global
	GlobalSection(SolutionConfigurationPlatforms) = preSolution
		Debug|Any CPU = Debug|Any CPU
		Release|Any CPU = Release|Any CPU
	EndGlobalSection
	GlobalSection(ProjectConfigurationPlatforms) = postSolution
		{1B00A127-EED6-4036-A4C7-E2E915F55BD3}.Debug|Any CPU.ActiveCfg = Debug|Any CPU
		{1B00A127-EED6-4036-A4C7-E2E915F55BD3}.Debug|Any CPU.Build.0 = Debug|Any CPU
		{1B00A127-EED6-4036-A4C7-E2E915F55BD3}.Release|Any CPU.ActiveCfg = Release|Any CPU
		{1B00A127-EED6-4036-A4C7-E2E915F55BD3}.Release|Any CPU.Build.0 = Release|Any CPU
	EndGlobalSection
	GlobalSection(SolutionProperties) = preSolution
		HideSolutionNode = FALSE
	EndGlobalSection
	GlobalSection(ExtensibilityGlobals) = postSolution
		SolutionGuid = {B4127DBD-B99C-44AA-8811-D4318628FDC2}
	EndGlobalSection
EndGlobal
